// !$*UTF8*$!
{
	archiveVersion = 1;
	classes = {
	};
	objectVersion = 55;
	objects = {

/* Begin PBXBuildFile section */
		FC03C60D2876648100A47397 /* HistoryViewController.swift in Sources */ = {isa = PBXBuildFile; fileRef = FC03C60C2876648100A47397 /* HistoryViewController.swift */; };
		FC10B65328C82D0A00E8D1BD /* UpdateResponse.swift in Sources */ = {isa = PBXBuildFile; fileRef = FC10B65228C82D0A00E8D1BD /* UpdateResponse.swift */; };
		FC15285128936338003057BD /* HistoryTableViewHeader.swift in Sources */ = {isa = PBXBuildFile; fileRef = FC15285028936338003057BD /* HistoryTableViewHeader.swift */; };
		FC5664AA28D1582700492F83 /* DeleteResponse.swift in Sources */ = {isa = PBXBuildFile; fileRef = FC5664A928D1582700492F83 /* DeleteResponse.swift */; };
		FC76EC2528CE5D39004EEFA9 /* Utility.swift in Sources */ = {isa = PBXBuildFile; fileRef = FC76EC2428CE5D39004EEFA9 /* Utility.swift */; };
		FC7CAC1D288A3177000F38FC /* TaskDetailsViewController.swift in Sources */ = {isa = PBXBuildFile; fileRef = FC7CAC1C288A3177000F38FC /* TaskDetailsViewController.swift */; };
		FC7CAC20288A3D1D000F38FC /* TaskDetailsTableView.swift in Sources */ = {isa = PBXBuildFile; fileRef = FC7CAC1F288A3D1D000F38FC /* TaskDetailsTableView.swift */; };
		FC8D3ADD288AEDA000B91C57 /* StatsDataManager.swift in Sources */ = {isa = PBXBuildFile; fileRef = FC8D3ADC288AEDA000B91C57 /* StatsDataManager.swift */; };
		FC8D3ADF288AEDE000B91C57 /* UserStats.swift in Sources */ = {isa = PBXBuildFile; fileRef = FC8D3ADE288AEDE000B91C57 /* UserStats.swift */; };
		FC8D3AE1288AF5C400B91C57 /* StatsViewController.swift in Sources */ = {isa = PBXBuildFile; fileRef = FC8D3AE0288AF5C400B91C57 /* StatsViewController.swift */; };
		FC8D3AE4288AF83800B91C57 /* StatsTableView.swift in Sources */ = {isa = PBXBuildFile; fileRef = FC8D3AE3288AF83800B91C57 /* StatsTableView.swift */; };
		FC8D3AE7288B032B00B91C57 /* DataManager.swift in Sources */ = {isa = PBXBuildFile; fileRef = FC8D3AE6288B032B00B91C57 /* DataManager.swift */; };
		FCA14E86286A9084004ADF9A /* AppDelegate.swift in Sources */ = {isa = PBXBuildFile; fileRef = FCA14E85286A9084004ADF9A /* AppDelegate.swift */; };
		FCA14E88286A9084004ADF9A /* SceneDelegate.swift in Sources */ = {isa = PBXBuildFile; fileRef = FCA14E87286A9084004ADF9A /* SceneDelegate.swift */; };
		FCA14E8D286A9084004ADF9A /* Main.storyboard in Resources */ = {isa = PBXBuildFile; fileRef = FCA14E8B286A9084004ADF9A /* Main.storyboard */; };
		FCA14E8F286A9085004ADF9A /* Assets.xcassets in Resources */ = {isa = PBXBuildFile; fileRef = FCA14E8E286A9085004ADF9A /* Assets.xcassets */; };
		FCA14E92286A9085004ADF9A /* LaunchScreen.storyboard in Resources */ = {isa = PBXBuildFile; fileRef = FCA14E90286A9085004ADF9A /* LaunchScreen.storyboard */; };
		FCAB8B03288328FB0077035F /* TasksTableViewCell.swift in Sources */ = {isa = PBXBuildFile; fileRef = FCAB8B02288328FB0077035F /* TasksTableViewCell.swift */; };
		FCB2F63E2883455000B62433 /* TaskStatusUIButton.swift in Sources */ = {isa = PBXBuildFile; fileRef = FCB2F63D2883455000B62433 /* TaskStatusUIButton.swift */; };
		FCC0500628D024590011CB6F /* AddResponse.swift in Sources */ = {isa = PBXBuildFile; fileRef = FCC0500528D024590011CB6F /* AddResponse.swift */; };
		FCC097D62885D69500E7D9BB /* HistoryTableViewCell.swift in Sources */ = {isa = PBXBuildFile; fileRef = FCC097D52885D69500E7D9BB /* HistoryTableViewCell.swift */; };
		FCE9D10028849D570059B44B /* EditTaskViewController.swift in Sources */ = {isa = PBXBuildFile; fileRef = FCE9D0FF28849D570059B44B /* EditTaskViewController.swift */; };
		FCE9D10328849FCA0059B44B /* EditTaskTableView.swift in Sources */ = {isa = PBXBuildFile; fileRef = FCE9D10228849FCA0059B44B /* EditTaskTableView.swift */; };
		FCEBE87A2880FA0300BB4DA2 /* Task.swift in Sources */ = {isa = PBXBuildFile; fileRef = FCEBE8792880FA0300BB4DA2 /* Task.swift */; };
		FCEBE87C2880FB6800BB4DA2 /* TaskDataManager.swift in Sources */ = {isa = PBXBuildFile; fileRef = FCEBE87B2880FB6800BB4DA2 /* TaskDataManager.swift */; };
		FCEBE87E2881008900BB4DA2 /* TasksViewController.swift in Sources */ = {isa = PBXBuildFile; fileRef = FCEBE87D2881008900BB4DA2 /* TasksViewController.swift */; };
		FCEC2CA528A99B8100AFE51B /* AddTaskViewController.swift in Sources */ = {isa = PBXBuildFile; fileRef = FCEC2CA428A99B8100AFE51B /* AddTaskViewController.swift */; };
		FCEC2CA828A99C1B00AFE51B /* AddTaskTableView.swift in Sources */ = {isa = PBXBuildFile; fileRef = FCEC2CA728A99C1B00AFE51B /* AddTaskTableView.swift */; };
/* End PBXBuildFile section */

/* Begin PBXFileReference section */
		FC03C60C2876648100A47397 /* HistoryViewController.swift */ = {isa = PBXFileReference; lastKnownFileType = sourcecode.swift; path = HistoryViewController.swift; sourceTree = "<group>"; };
		FC10B65228C82D0A00E8D1BD /* UpdateResponse.swift */ = {isa = PBXFileReference; lastKnownFileType = sourcecode.swift; path = UpdateResponse.swift; sourceTree = "<group>"; };
		FC15285028936338003057BD /* HistoryTableViewHeader.swift */ = {isa = PBXFileReference; lastKnownFileType = sourcecode.swift; path = HistoryTableViewHeader.swift; sourceTree = "<group>"; };
		FC5664A928D1582700492F83 /* DeleteResponse.swift */ = {isa = PBXFileReference; lastKnownFileType = sourcecode.swift; path = DeleteResponse.swift; sourceTree = "<group>"; };
		FC76EC2428CE5D39004EEFA9 /* Utility.swift */ = {isa = PBXFileReference; lastKnownFileType = sourcecode.swift; path = Utility.swift; sourceTree = "<group>"; };
		FC7CAC1C288A3177000F38FC /* TaskDetailsViewController.swift */ = {isa = PBXFileReference; lastKnownFileType = sourcecode.swift; path = TaskDetailsViewController.swift; sourceTree = "<group>"; };
		FC7CAC1F288A3D1D000F38FC /* TaskDetailsTableView.swift */ = {isa = PBXFileReference; lastKnownFileType = sourcecode.swift; path = TaskDetailsTableView.swift; sourceTree = "<group>"; };
		FC8D3ADC288AEDA000B91C57 /* StatsDataManager.swift */ = {isa = PBXFileReference; lastKnownFileType = sourcecode.swift; path = StatsDataManager.swift; sourceTree = "<group>"; };
		FC8D3ADE288AEDE000B91C57 /* UserStats.swift */ = {isa = PBXFileReference; lastKnownFileType = sourcecode.swift; path = UserStats.swift; sourceTree = "<group>"; };
		FC8D3AE0288AF5C400B91C57 /* StatsViewController.swift */ = {isa = PBXFileReference; lastKnownFileType = sourcecode.swift; path = StatsViewController.swift; sourceTree = "<group>"; };
		FC8D3AE3288AF83800B91C57 /* StatsTableView.swift */ = {isa = PBXFileReference; lastKnownFileType = sourcecode.swift; path = StatsTableView.swift; sourceTree = "<group>"; };
		FC8D3AE6288B032B00B91C57 /* DataManager.swift */ = {isa = PBXFileReference; lastKnownFileType = sourcecode.swift; path = DataManager.swift; sourceTree = "<group>"; };
		FCA14E82286A9084004ADF9A /* TiskTasker.app */ = {isa = PBXFileReference; explicitFileType = wrapper.application; includeInIndex = 0; path = TiskTasker.app; sourceTree = BUILT_PRODUCTS_DIR; };
		FCA14E85286A9084004ADF9A /* AppDelegate.swift */ = {isa = PBXFileReference; lastKnownFileType = sourcecode.swift; path = AppDelegate.swift; sourceTree = "<group>"; };
		FCA14E87286A9084004ADF9A /* SceneDelegate.swift */ = {isa = PBXFileReference; lastKnownFileType = sourcecode.swift; path = SceneDelegate.swift; sourceTree = "<group>"; };
		FCA14E8C286A9084004ADF9A /* Base */ = {isa = PBXFileReference; lastKnownFileType = file.storyboard; name = Base; path = Base.lproj/Main.storyboard; sourceTree = "<group>"; };
		FCA14E8E286A9085004ADF9A /* Assets.xcassets */ = {isa = PBXFileReference; lastKnownFileType = folder.assetcatalog; path = Assets.xcassets; sourceTree = "<group>"; };
		FCA14E91286A9085004ADF9A /* Base */ = {isa = PBXFileReference; lastKnownFileType = file.storyboard; name = Base; path = Base.lproj/LaunchScreen.storyboard; sourceTree = "<group>"; };
		FCA14E93286A9085004ADF9A /* Info.plist */ = {isa = PBXFileReference; lastKnownFileType = text.plist.xml; path = Info.plist; sourceTree = "<group>"; };
		FCAB8B02288328FB0077035F /* TasksTableViewCell.swift */ = {isa = PBXFileReference; lastKnownFileType = sourcecode.swift; path = TasksTableViewCell.swift; sourceTree = "<group>"; };
		FCB2F63D2883455000B62433 /* TaskStatusUIButton.swift */ = {isa = PBXFileReference; lastKnownFileType = sourcecode.swift; path = TaskStatusUIButton.swift; sourceTree = "<group>"; };
		FCC0500528D024590011CB6F /* AddResponse.swift */ = {isa = PBXFileReference; lastKnownFileType = sourcecode.swift; path = AddResponse.swift; sourceTree = "<group>"; };
		FCC097D52885D69500E7D9BB /* HistoryTableViewCell.swift */ = {isa = PBXFileReference; lastKnownFileType = sourcecode.swift; path = HistoryTableViewCell.swift; sourceTree = "<group>"; };
		FCE9D0FF28849D570059B44B /* EditTaskViewController.swift */ = {isa = PBXFileReference; lastKnownFileType = sourcecode.swift; path = EditTaskViewController.swift; sourceTree = "<group>"; };
		FCE9D10228849FCA0059B44B /* EditTaskTableView.swift */ = {isa = PBXFileReference; lastKnownFileType = sourcecode.swift; path = EditTaskTableView.swift; sourceTree = "<group>"; };
		FCEBE8792880FA0300BB4DA2 /* Task.swift */ = {isa = PBXFileReference; lastKnownFileType = sourcecode.swift; path = Task.swift; sourceTree = "<group>"; };
		FCEBE87B2880FB6800BB4DA2 /* TaskDataManager.swift */ = {isa = PBXFileReference; lastKnownFileType = sourcecode.swift; path = TaskDataManager.swift; sourceTree = "<group>"; };
		FCEBE87D2881008900BB4DA2 /* TasksViewController.swift */ = {isa = PBXFileReference; lastKnownFileType = sourcecode.swift; path = TasksViewController.swift; sourceTree = "<group>"; };
		FCEC2CA428A99B8100AFE51B /* AddTaskViewController.swift */ = {isa = PBXFileReference; lastKnownFileType = sourcecode.swift; path = AddTaskViewController.swift; sourceTree = "<group>"; };
		FCEC2CA728A99C1B00AFE51B /* AddTaskTableView.swift */ = {isa = PBXFileReference; lastKnownFileType = sourcecode.swift; path = AddTaskTableView.swift; sourceTree = "<group>"; };
/* End PBXFileReference section */

/* Begin PBXFrameworksBuildPhase section */
		FCA14E7F286A9084004ADF9A /* Frameworks */ = {
			isa = PBXFrameworksBuildPhase;
			buildActionMask = 2147483647;
			files = (
			);
			runOnlyForDeploymentPostprocessing = 0;
		};
/* End PBXFrameworksBuildPhase section */

/* Begin PBXGroup section */
		FC03C60B2876646C00A47397 /* History */ = {
			isa = PBXGroup;
			children = (
				FCC097D42885D64200E7D9BB /* View */,
				FC03C60C2876648100A47397 /* HistoryViewController.swift */,
			);
			path = History;
			sourceTree = "<group>";
		};
		FC10B64D28C8257200E8D1BD /* Data */ = {
			isa = PBXGroup;
			children = (
				FCEBE8792880FA0300BB4DA2 /* Task.swift */,
				FC8D3ADE288AEDE000B91C57 /* UserStats.swift */,
			);
			path = Data;
			sourceTree = "<group>";
		};
		FC10B65128C82CBD00E8D1BD /* Response */ = {
			isa = PBXGroup;
			children = (
				FCC0500528D024590011CB6F /* AddResponse.swift */,
				FC5664A928D1582700492F83 /* DeleteResponse.swift */,
				FC10B65228C82D0A00E8D1BD /* UpdateResponse.swift */,
			);
			path = Response;
			sourceTree = "<group>";
		};
		FC6E81A628C554E90033D721 /* Models */ = {
			isa = PBXGroup;
			children = (
				FC10B64D28C8257200E8D1BD /* Data */,
				FC10B65128C82CBD00E8D1BD /* Response */,
			);
			path = Models;
			sourceTree = "<group>";
		};
		FC76EC2328CE5CF1004EEFA9 /* Utilities */ = {
			isa = PBXGroup;
			children = (
				FC76EC2428CE5D39004EEFA9 /* Utility.swift */,
			);
			path = Utilities;
			sourceTree = "<group>";
		};
		FC7CAC1B288A3116000F38FC /* TaskDetails */ = {
			isa = PBXGroup;
			children = (
				FC7CAC1E288A3C40000F38FC /* View */,
				FC7CAC1C288A3177000F38FC /* TaskDetailsViewController.swift */,
			);
			path = TaskDetails;
			sourceTree = "<group>";
		};
		FC7CAC1E288A3C40000F38FC /* View */ = {
			isa = PBXGroup;
			children = (
				FC7CAC1F288A3D1D000F38FC /* TaskDetailsTableView.swift */,
			);
			path = View;
			sourceTree = "<group>";
		};
		FC8D3AD6288AEB1800B91C57 /* Stats */ = {
			isa = PBXGroup;
			children = (
				FC8D3AE2288AF80100B91C57 /* View */,
				FC8D3AD9288AEB8000B91C57 /* Model */,
				FC8D3AE0288AF5C400B91C57 /* StatsViewController.swift */,
			);
			path = Stats;
			sourceTree = "<group>";
		};
		FC8D3AD9288AEB8000B91C57 /* Model */ = {
			isa = PBXGroup;
			children = (
				FC8D3ADC288AEDA000B91C57 /* StatsDataManager.swift */,
			);
			path = Model;
			sourceTree = "<group>";
		};
		FC8D3AE2288AF80100B91C57 /* View */ = {
			isa = PBXGroup;
			children = (
				FC8D3AE3288AF83800B91C57 /* StatsTableView.swift */,
			);
			path = View;
			sourceTree = "<group>";
		};
		FC8D3AE5288B02F600B91C57 /* Shared */ = {
			isa = PBXGroup;
			children = (
				FCEBE87B2880FB6800BB4DA2 /* TaskDataManager.swift */,
				FC8D3AE6288B032B00B91C57 /* DataManager.swift */,
				FC6E81A628C554E90033D721 /* Models */,
				FC76EC2328CE5CF1004EEFA9 /* Utilities */,
			);
			path = Shared;
			sourceTree = "<group>";
		};
		FCA14E79286A9084004ADF9A = {
			isa = PBXGroup;
			children = (
				FCA14E84286A9084004ADF9A /* TiskTasker */,
				FCA14E83286A9084004ADF9A /* Products */,
			);
			sourceTree = "<group>";
		};
		FCA14E83286A9084004ADF9A /* Products */ = {
			isa = PBXGroup;
			children = (
				FCA14E82286A9084004ADF9A /* TiskTasker.app */,
			);
			name = Products;
			sourceTree = "<group>";
		};
		FCA14E84286A9084004ADF9A /* TiskTasker */ = {
			isa = PBXGroup;
			children = (
				FCEBE8752880F87100BB4DA2 /* Tasks */,
				FCEC2CA328A99B6000AFE51B /* AddTask */,
				FCE9D0FE28849D010059B44B /* EditTask */,
				FC03C60B2876646C00A47397 /* History */,
				FC7CAC1B288A3116000F38FC /* TaskDetails */,
				FC8D3AD6288AEB1800B91C57 /* Stats */,
				FC8D3AE5288B02F600B91C57 /* Shared */,
				FCA14E85286A9084004ADF9A /* AppDelegate.swift */,
				FCA14E87286A9084004ADF9A /* SceneDelegate.swift */,
				FCA14E8B286A9084004ADF9A /* Main.storyboard */,
				FCA14E8E286A9085004ADF9A /* Assets.xcassets */,
				FCA14E90286A9085004ADF9A /* LaunchScreen.storyboard */,
				FCA14E93286A9085004ADF9A /* Info.plist */,
			);
			path = TiskTasker;
			sourceTree = "<group>";
		};
		FCAB8B01288328E30077035F /* View */ = {
			isa = PBXGroup;
			children = (
				FCAB8B02288328FB0077035F /* TasksTableViewCell.swift */,
				FCB2F63D2883455000B62433 /* TaskStatusUIButton.swift */,
			);
			path = View;
			sourceTree = "<group>";
		};
		FCC097D42885D64200E7D9BB /* View */ = {
			isa = PBXGroup;
			children = (
				FCC097D52885D69500E7D9BB /* HistoryTableViewCell.swift */,
				FC15285028936338003057BD /* HistoryTableViewHeader.swift */,
			);
			path = View;
			sourceTree = "<group>";
		};
		FCE9D0FE28849D010059B44B /* EditTask */ = {
			isa = PBXGroup;
			children = (
				FCE9D10128849F9F0059B44B /* View */,
				FCE9D0FF28849D570059B44B /* EditTaskViewController.swift */,
			);
			path = EditTask;
			sourceTree = "<group>";
		};
		FCE9D10128849F9F0059B44B /* View */ = {
			isa = PBXGroup;
			children = (
				FCE9D10228849FCA0059B44B /* EditTaskTableView.swift */,
			);
			path = View;
			sourceTree = "<group>";
		};
		FCEBE8752880F87100BB4DA2 /* Tasks */ = {
			isa = PBXGroup;
			children = (
				FCAB8B01288328E30077035F /* View */,
				FCEBE87D2881008900BB4DA2 /* TasksViewController.swift */,
			);
			path = Tasks;
			sourceTree = "<group>";
		};
		FCEC2CA328A99B6000AFE51B /* AddTask */ = {
			isa = PBXGroup;
			children = (
				FCEC2CA628A99BB200AFE51B /* View */,
				FCEC2CA428A99B8100AFE51B /* AddTaskViewController.swift */,
			);
			path = AddTask;
			sourceTree = "<group>";
		};
		FCEC2CA628A99BB200AFE51B /* View */ = {
			isa = PBXGroup;
			children = (
				FCEC2CA728A99C1B00AFE51B /* AddTaskTableView.swift */,
			);
			path = View;
			sourceTree = "<group>";
		};
/* End PBXGroup section */

/* Begin PBXNativeTarget section */
		FCA14E81286A9084004ADF9A /* TiskTasker */ = {
			isa = PBXNativeTarget;
			buildConfigurationList = FCA14E96286A9085004ADF9A /* Build configuration list for PBXNativeTarget "TiskTasker" */;
			buildPhases = (
				FCA14E7E286A9084004ADF9A /* Sources */,
				FCA14E7F286A9084004ADF9A /* Frameworks */,
				FCA14E80286A9084004ADF9A /* Resources */,
			);
			buildRules = (
			);
			dependencies = (
			);
			name = TiskTasker;
			productName = TiskTasker;
			productReference = FCA14E82286A9084004ADF9A /* TiskTasker.app */;
			productType = "com.apple.product-type.application";
		};
/* End PBXNativeTarget section */

/* Begin PBXProject section */
		FCA14E7A286A9084004ADF9A /* Project object */ = {
			isa = PBXProject;
			attributes = {
				BuildIndependentTargetsInParallel = 1;
				LastSwiftUpdateCheck = 1310;
				LastUpgradeCheck = 1310;
				TargetAttributes = {
					FCA14E81286A9084004ADF9A = {
						CreatedOnToolsVersion = 13.1;
					};
				};
			};
			buildConfigurationList = FCA14E7D286A9084004ADF9A /* Build configuration list for PBXProject "TiskTasker" */;
			compatibilityVersion = "Xcode 13.0";
			developmentRegion = en;
			hasScannedForEncodings = 0;
			knownRegions = (
				en,
				Base,
			);
			mainGroup = FCA14E79286A9084004ADF9A;
			productRefGroup = FCA14E83286A9084004ADF9A /* Products */;
			projectDirPath = "";
			projectRoot = "";
			targets = (
				FCA14E81286A9084004ADF9A /* TiskTasker */,
			);
		};
/* End PBXProject section */

/* Begin PBXResourcesBuildPhase section */
		FCA14E80286A9084004ADF9A /* Resources */ = {
			isa = PBXResourcesBuildPhase;
			buildActionMask = 2147483647;
			files = (
				FCA14E92286A9085004ADF9A /* LaunchScreen.storyboard in Resources */,
				FCA14E8F286A9085004ADF9A /* Assets.xcassets in Resources */,
				FCA14E8D286A9084004ADF9A /* Main.storyboard in Resources */,
			);
			runOnlyForDeploymentPostprocessing = 0;
		};
/* End PBXResourcesBuildPhase section */

/* Begin PBXSourcesBuildPhase section */
		FCA14E7E286A9084004ADF9A /* Sources */ = {
			isa = PBXSourcesBuildPhase;
			buildActionMask = 2147483647;
			files = (
				FC7CAC1D288A3177000F38FC /* TaskDetailsViewController.swift in Sources */,
				FC8D3AE7288B032B00B91C57 /* DataManager.swift in Sources */,
				FC8D3ADF288AEDE000B91C57 /* UserStats.swift in Sources */,
				FCEC2CA828A99C1B00AFE51B /* AddTaskTableView.swift in Sources */,
				FCAB8B03288328FB0077035F /* TasksTableViewCell.swift in Sources */,
				FCE9D10028849D570059B44B /* EditTaskViewController.swift in Sources */,
				FCC097D62885D69500E7D9BB /* HistoryTableViewCell.swift in Sources */,
				FC5664AA28D1582700492F83 /* DeleteResponse.swift in Sources */,
				FC8D3ADD288AEDA000B91C57 /* StatsDataManager.swift in Sources */,
				FCEBE87A2880FA0300BB4DA2 /* Task.swift in Sources */,
				FC03C60D2876648100A47397 /* HistoryViewController.swift in Sources */,
				FCE9D10328849FCA0059B44B /* EditTaskTableView.swift in Sources */,
				FC15285128936338003057BD /* HistoryTableViewHeader.swift in Sources */,
				FCB2F63E2883455000B62433 /* TaskStatusUIButton.swift in Sources */,
				FCC0500628D024590011CB6F /* AddResponse.swift in Sources */,
				FC8D3AE4288AF83800B91C57 /* StatsTableView.swift in Sources */,
				FCEBE87C2880FB6800BB4DA2 /* TaskDataManager.swift in Sources */,
				FCA14E86286A9084004ADF9A /* AppDelegate.swift in Sources */,
				FC76EC2528CE5D39004EEFA9 /* Utility.swift in Sources */,
				FCEC2CA528A99B8100AFE51B /* AddTaskViewController.swift in Sources */,
				FC10B65328C82D0A00E8D1BD /* UpdateResponse.swift in Sources */,
				FCA14E88286A9084004ADF9A /* SceneDelegate.swift in Sources */,
				FC7CAC20288A3D1D000F38FC /* TaskDetailsTableView.swift in Sources */,
				FC8D3AE1288AF5C400B91C57 /* StatsViewController.swift in Sources */,
				FCEBE87E2881008900BB4DA2 /* TasksViewController.swift in Sources */,
			);
			runOnlyForDeploymentPostprocessing = 0;
		};
/* End PBXSourcesBuildPhase section */

/* Begin PBXVariantGroup section */
		FCA14E8B286A9084004ADF9A /* Main.storyboard */ = {
			isa = PBXVariantGroup;
			children = (
				FCA14E8C286A9084004ADF9A /* Base */,
			);
			name = Main.storyboard;
			sourceTree = "<group>";
		};
		FCA14E90286A9085004ADF9A /* LaunchScreen.storyboard */ = {
			isa = PBXVariantGroup;
			children = (
				FCA14E91286A9085004ADF9A /* Base */,
			);
			name = LaunchScreen.storyboard;
			sourceTree = "<group>";
		};
/* End PBXVariantGroup section */

/* Begin XCBuildConfiguration section */
		FCA14E94286A9085004ADF9A /* Debug */ = {
			isa = XCBuildConfiguration;
			buildSettings = {
				ALWAYS_SEARCH_USER_PATHS = NO;
				CLANG_ANALYZER_NONNULL = YES;
				CLANG_ANALYZER_NUMBER_OBJECT_CONVERSION = YES_AGGRESSIVE;
				CLANG_CXX_LANGUAGE_STANDARD = "gnu++17";
				CLANG_CXX_LIBRARY = "libc++";
				CLANG_ENABLE_MODULES = YES;
				CLANG_ENABLE_OBJC_ARC = YES;
				CLANG_ENABLE_OBJC_WEAK = YES;
				CLANG_WARN_BLOCK_CAPTURE_AUTORELEASING = YES;
				CLANG_WARN_BOOL_CONVERSION = YES;
				CLANG_WARN_COMMA = YES;
				CLANG_WARN_CONSTANT_CONVERSION = YES;
				CLANG_WARN_DEPRECATED_OBJC_IMPLEMENTATIONS = YES;
				CLANG_WARN_DIRECT_OBJC_ISA_USAGE = YES_ERROR;
				CLANG_WARN_DOCUMENTATION_COMMENTS = YES;
				CLANG_WARN_EMPTY_BODY = YES;
				CLANG_WARN_ENUM_CONVERSION = YES;
				CLANG_WARN_INFINITE_RECURSION = YES;
				CLANG_WARN_INT_CONVERSION = YES;
				CLANG_WARN_NON_LITERAL_NULL_CONVERSION = YES;
				CLANG_WARN_OBJC_IMPLICIT_RETAIN_SELF = YES;
				CLANG_WARN_OBJC_LITERAL_CONVERSION = YES;
				CLANG_WARN_OBJC_ROOT_CLASS = YES_ERROR;
				CLANG_WARN_QUOTED_INCLUDE_IN_FRAMEWORK_HEADER = YES;
				CLANG_WARN_RANGE_LOOP_ANALYSIS = YES;
				CLANG_WARN_STRICT_PROTOTYPES = YES;
				CLANG_WARN_SUSPICIOUS_MOVE = YES;
				CLANG_WARN_UNGUARDED_AVAILABILITY = YES_AGGRESSIVE;
				CLANG_WARN_UNREACHABLE_CODE = YES;
				CLANG_WARN__DUPLICATE_METHOD_MATCH = YES;
				COPY_PHASE_STRIP = NO;
				DEBUG_INFORMATION_FORMAT = dwarf;
				ENABLE_STRICT_OBJC_MSGSEND = YES;
				ENABLE_TESTABILITY = YES;
				GCC_C_LANGUAGE_STANDARD = gnu11;
				GCC_DYNAMIC_NO_PIC = NO;
				GCC_NO_COMMON_BLOCKS = YES;
				GCC_OPTIMIZATION_LEVEL = 0;
				GCC_PREPROCESSOR_DEFINITIONS = (
					"DEBUG=1",
					"$(inherited)",
				);
				GCC_WARN_64_TO_32_BIT_CONVERSION = YES;
				GCC_WARN_ABOUT_RETURN_TYPE = YES_ERROR;
				GCC_WARN_UNDECLARED_SELECTOR = YES;
				GCC_WARN_UNINITIALIZED_AUTOS = YES_AGGRESSIVE;
				GCC_WARN_UNUSED_FUNCTION = YES;
				GCC_WARN_UNUSED_VARIABLE = YES;
				IPHONEOS_DEPLOYMENT_TARGET = 15.0;
				MTL_ENABLE_DEBUG_INFO = INCLUDE_SOURCE;
				MTL_FAST_MATH = YES;
				ONLY_ACTIVE_ARCH = YES;
				SDKROOT = iphoneos;
				SWIFT_ACTIVE_COMPILATION_CONDITIONS = DEBUG;
				SWIFT_OPTIMIZATION_LEVEL = "-Onone";
			};
			name = Debug;
		};
		FCA14E95286A9085004ADF9A /* Release */ = {
			isa = XCBuildConfiguration;
			buildSettings = {
				ALWAYS_SEARCH_USER_PATHS = NO;
				CLANG_ANALYZER_NONNULL = YES;
				CLANG_ANALYZER_NUMBER_OBJECT_CONVERSION = YES_AGGRESSIVE;
				CLANG_CXX_LANGUAGE_STANDARD = "gnu++17";
				CLANG_CXX_LIBRARY = "libc++";
				CLANG_ENABLE_MODULES = YES;
				CLANG_ENABLE_OBJC_ARC = YES;
				CLANG_ENABLE_OBJC_WEAK = YES;
				CLANG_WARN_BLOCK_CAPTURE_AUTORELEASING = YES;
				CLANG_WARN_BOOL_CONVERSION = YES;
				CLANG_WARN_COMMA = YES;
				CLANG_WARN_CONSTANT_CONVERSION = YES;
				CLANG_WARN_DEPRECATED_OBJC_IMPLEMENTATIONS = YES;
				CLANG_WARN_DIRECT_OBJC_ISA_USAGE = YES_ERROR;
				CLANG_WARN_DOCUMENTATION_COMMENTS = YES;
				CLANG_WARN_EMPTY_BODY = YES;
				CLANG_WARN_ENUM_CONVERSION = YES;
				CLANG_WARN_INFINITE_RECURSION = YES;
				CLANG_WARN_INT_CONVERSION = YES;
				CLANG_WARN_NON_LITERAL_NULL_CONVERSION = YES;
				CLANG_WARN_OBJC_IMPLICIT_RETAIN_SELF = YES;
				CLANG_WARN_OBJC_LITERAL_CONVERSION = YES;
				CLANG_WARN_OBJC_ROOT_CLASS = YES_ERROR;
				CLANG_WARN_QUOTED_INCLUDE_IN_FRAMEWORK_HEADER = YES;
				CLANG_WARN_RANGE_LOOP_ANALYSIS = YES;
				CLANG_WARN_STRICT_PROTOTYPES = YES;
				CLANG_WARN_SUSPICIOUS_MOVE = YES;
				CLANG_WARN_UNGUARDED_AVAILABILITY = YES_AGGRESSIVE;
				CLANG_WARN_UNREACHABLE_CODE = YES;
				CLANG_WARN__DUPLICATE_METHOD_MATCH = YES;
				COPY_PHASE_STRIP = NO;
				DEBUG_INFORMATION_FORMAT = "dwarf-with-dsym";
				ENABLE_NS_ASSERTIONS = NO;
				ENABLE_STRICT_OBJC_MSGSEND = YES;
				GCC_C_LANGUAGE_STANDARD = gnu11;
				GCC_NO_COMMON_BLOCKS = YES;
				GCC_WARN_64_TO_32_BIT_CONVERSION = YES;
				GCC_WARN_ABOUT_RETURN_TYPE = YES_ERROR;
				GCC_WARN_UNDECLARED_SELECTOR = YES;
				GCC_WARN_UNINITIALIZED_AUTOS = YES_AGGRESSIVE;
				GCC_WARN_UNUSED_FUNCTION = YES;
				GCC_WARN_UNUSED_VARIABLE = YES;
				IPHONEOS_DEPLOYMENT_TARGET = 15.0;
				MTL_ENABLE_DEBUG_INFO = NO;
				MTL_FAST_MATH = YES;
				SDKROOT = iphoneos;
				SWIFT_COMPILATION_MODE = wholemodule;
				SWIFT_OPTIMIZATION_LEVEL = "-O";
				VALIDATE_PRODUCT = YES;
			};
			name = Release;
		};
		FCA14E97286A9085004ADF9A /* Debug */ = {
			isa = XCBuildConfiguration;
			buildSettings = {
				ASSETCATALOG_COMPILER_APPICON_NAME = AppIcon;
				ASSETCATALOG_COMPILER_GLOBAL_ACCENT_COLOR_NAME = AccentColor;
				CODE_SIGN_STYLE = Automatic;
				CURRENT_PROJECT_VERSION = 1;
				DEVELOPMENT_TEAM = 72A3WLN662;
				GENERATE_INFOPLIST_FILE = YES;
				INFOPLIST_FILE = TiskTasker/Info.plist;
				INFOPLIST_KEY_UIApplicationSupportsIndirectInputEvents = YES;
				INFOPLIST_KEY_UILaunchStoryboardName = LaunchScreen;
				INFOPLIST_KEY_UIMainStoryboardFile = Main;
				INFOPLIST_KEY_UISupportedInterfaceOrientations_iPad = "UIInterfaceOrientationPortrait UIInterfaceOrientationPortraitUpsideDown UIInterfaceOrientationLandscapeLeft UIInterfaceOrientationLandscapeRight";
				INFOPLIST_KEY_UISupportedInterfaceOrientations_iPhone = "UIInterfaceOrientationPortrait UIInterfaceOrientationLandscapeLeft UIInterfaceOrientationLandscapeRight";
				LD_RUNPATH_SEARCH_PATHS = (
					"$(inherited)",
					"@executable_path/Frameworks",
				);
				MARKETING_VERSION = 1.0;
				PRODUCT_BUNDLE_IDENTIFIER = com.pastelsior.TiskTasker;
				PRODUCT_NAME = "$(TARGET_NAME)";
				SWIFT_EMIT_LOC_STRINGS = YES;
				SWIFT_VERSION = 5.0;
				TARGETED_DEVICE_FAMILY = "1,2";
			};
			name = Debug;
		};
		FCA14E98286A9085004ADF9A /* Release */ = {
			isa = XCBuildConfiguration;
			buildSettings = {
				ASSETCATALOG_COMPILER_APPICON_NAME = AppIcon;
				ASSETCATALOG_COMPILER_GLOBAL_ACCENT_COLOR_NAME = AccentColor;
				CODE_SIGN_STYLE = Automatic;
				CURRENT_PROJECT_VERSION = 1;
				DEVELOPMENT_TEAM = 72A3WLN662;
				GENERATE_INFOPLIST_FILE = YES;
				INFOPLIST_FILE = TiskTasker/Info.plist;
				INFOPLIST_KEY_UIApplicationSupportsIndirectInputEvents = YES;
				INFOPLIST_KEY_UILaunchStoryboardName = LaunchScreen;
				INFOPLIST_KEY_UIMainStoryboardFile = Main;
				INFOPLIST_KEY_UISupportedInterfaceOrientations_iPad = "UIInterfaceOrientationPortrait UIInterfaceOrientationPortraitUpsideDown UIInterfaceOrientationLandscapeLeft UIInterfaceOrientationLandscapeRight";
				INFOPLIST_KEY_UISupportedInterfaceOrientations_iPhone = "UIInterfaceOrientationPortrait UIInterfaceOrientationLandscapeLeft UIInterfaceOrientationLandscapeRight";
				LD_RUNPATH_SEARCH_PATHS = (
					"$(inherited)",
					"@executable_path/Frameworks",
				);
				MARKETING_VERSION = 1.0;
				PRODUCT_BUNDLE_IDENTIFIER = com.pastelsior.TiskTasker;
				PRODUCT_NAME = "$(TARGET_NAME)";
				SWIFT_EMIT_LOC_STRINGS = YES;
				SWIFT_VERSION = 5.0;
				TARGETED_DEVICE_FAMILY = "1,2";
			};
			name = Release;
		};
/* End XCBuildConfiguration section */

/* Begin XCConfigurationList section */
		FCA14E7D286A9084004ADF9A /* Build configuration list for PBXProject "TiskTasker" */ = {
			isa = XCConfigurationList;
			buildConfigurations = (
				FCA14E94286A9085004ADF9A /* Debug */,
				FCA14E95286A9085004ADF9A /* Release */,
			);
			defaultConfigurationIsVisible = 0;
			defaultConfigurationName = Release;
		};
		FCA14E96286A9085004ADF9A /* Build configuration list for PBXNativeTarget "TiskTasker" */ = {
			isa = XCConfigurationList;
			buildConfigurations = (
				FCA14E97286A9085004ADF9A /* Debug */,
				FCA14E98286A9085004ADF9A /* Release */,
			);
			defaultConfigurationIsVisible = 0;
			defaultConfigurationName = Release;
		};
/* End XCConfigurationList section */
	};
	rootObject = FCA14E7A286A9084004ADF9A /* Project object */;
}
